// !$*UTF8*$!
{
	archiveVersion = 1;
	classes = {
	};
	objectVersion = 50;
	objects = {

/* Begin PBXBuildFile section */
		51EBC74B3DD623FB0201896E /* Pods_Tweeter_TweeterTests.framework in Frameworks */ = {isa = PBXBuildFile; fileRef = AB4E973E25E4F079564B2712 /* Pods_Tweeter_TweeterTests.framework */; };
		9BE2138D1FAB3816323FD516 /* Pods_Tweeter.framework in Frameworks */ = {isa = PBXBuildFile; fileRef = 4E28E42E4E73F91D1C8E5923 /* Pods_Tweeter.framework */; };
		E25A2ADF225ABD84006D847E /* AppDelegate.swift in Sources */ = {isa = PBXBuildFile; fileRef = E25A2ADE225ABD84006D847E /* AppDelegate.swift */; };
		E25A2AE1225ABD84006D847E /* TweetsViewController.swift in Sources */ = {isa = PBXBuildFile; fileRef = E25A2AE0225ABD84006D847E /* TweetsViewController.swift */; };
		E25A2AE4225ABD84006D847E /* Main.storyboard in Resources */ = {isa = PBXBuildFile; fileRef = E25A2AE2225ABD84006D847E /* Main.storyboard */; };
		E25A2AE6225ABD85006D847E /* Assets.xcassets in Resources */ = {isa = PBXBuildFile; fileRef = E25A2AE5225ABD85006D847E /* Assets.xcassets */; };
		E25A2AE9225ABD85006D847E /* LaunchScreen.storyboard in Resources */ = {isa = PBXBuildFile; fileRef = E25A2AE7225ABD85006D847E /* LaunchScreen.storyboard */; };
		E25A2AF8225AD83F006D847E /* TweetCell.swift in Sources */ = {isa = PBXBuildFile; fileRef = E25A2AF7225AD83F006D847E /* TweetCell.swift */; };
		E25A2AFA225AD8CC006D847E /* Tweet.swift in Sources */ = {isa = PBXBuildFile; fileRef = E25A2AF9225AD8CC006D847E /* Tweet.swift */; };
		E25A2AFC225AD8D2006D847E /* User.swift in Sources */ = {isa = PBXBuildFile; fileRef = E25A2AFB225AD8D2006D847E /* User.swift */; };
		E25A2AFE225ADD70006D847E /* GoogleService-Info.plist in Resources */ = {isa = PBXBuildFile; fileRef = E25A2AFD225ADD70006D847E /* GoogleService-Info.plist */; };
		E25A2B17225B03A6006D847E /* TweeterTests.swift in Sources */ = {isa = PBXBuildFile; fileRef = E25A2B16225B03A6006D847E /* TweeterTests.swift */; };
/* End PBXBuildFile section */

/* Begin PBXContainerItemProxy section */
		E25A2B19225B03A6006D847E /* PBXContainerItemProxy */ = {
			isa = PBXContainerItemProxy;
			containerPortal = E25A2AD3225ABD84006D847E /* Project object */;
			proxyType = 1;
			remoteGlobalIDString = E25A2ADA225ABD84006D847E;
			remoteInfo = Tweeter;
		};
/* End PBXContainerItemProxy section */

/* Begin PBXFileReference section */
		444428D863D3CFB53017E076 /* Pods-Tweeter-TweeterTests.debug.xcconfig */ = {isa = PBXFileReference; includeInIndex = 1; lastKnownFileType = text.xcconfig; name = "Pods-Tweeter-TweeterTests.debug.xcconfig"; path = "Pods/Target Support Files/Pods-Tweeter-TweeterTests/Pods-Tweeter-TweeterTests.debug.xcconfig"; sourceTree = "<group>"; };
		4E28E42E4E73F91D1C8E5923 /* Pods_Tweeter.framework */ = {isa = PBXFileReference; explicitFileType = wrapper.framework; includeInIndex = 0; path = Pods_Tweeter.framework; sourceTree = BUILT_PRODUCTS_DIR; };
		A5CE010B89EFF7E4B7DAF0EC /* Pods-Tweeter-TweeterTests.release.xcconfig */ = {isa = PBXFileReference; includeInIndex = 1; lastKnownFileType = text.xcconfig; name = "Pods-Tweeter-TweeterTests.release.xcconfig"; path = "Pods/Target Support Files/Pods-Tweeter-TweeterTests/Pods-Tweeter-TweeterTests.release.xcconfig"; sourceTree = "<group>"; };
		AB4E973E25E4F079564B2712 /* Pods_Tweeter_TweeterTests.framework */ = {isa = PBXFileReference; explicitFileType = wrapper.framework; includeInIndex = 0; path = Pods_Tweeter_TweeterTests.framework; sourceTree = BUILT_PRODUCTS_DIR; };
		AE12E4ABC3E8D6BFF03E5970 /* Pods-Tweeter.debug.xcconfig */ = {isa = PBXFileReference; includeInIndex = 1; lastKnownFileType = text.xcconfig; name = "Pods-Tweeter.debug.xcconfig"; path = "Pods/Target Support Files/Pods-Tweeter/Pods-Tweeter.debug.xcconfig"; sourceTree = "<group>"; };
		E25A2ADB225ABD84006D847E /* Tweeter.app */ = {isa = PBXFileReference; explicitFileType = wrapper.application; includeInIndex = 0; path = Tweeter.app; sourceTree = BUILT_PRODUCTS_DIR; };
		E25A2ADE225ABD84006D847E /* AppDelegate.swift */ = {isa = PBXFileReference; lastKnownFileType = sourcecode.swift; path = AppDelegate.swift; sourceTree = "<group>"; };
		E25A2AE0225ABD84006D847E /* TweetsViewController.swift */ = {isa = PBXFileReference; lastKnownFileType = sourcecode.swift; path = TweetsViewController.swift; sourceTree = "<group>"; };
		E25A2AE3225ABD84006D847E /* Base */ = {isa = PBXFileReference; lastKnownFileType = file.storyboard; name = Base; path = Base.lproj/Main.storyboard; sourceTree = "<group>"; };
		E25A2AE5225ABD85006D847E /* Assets.xcassets */ = {isa = PBXFileReference; lastKnownFileType = folder.assetcatalog; path = Assets.xcassets; sourceTree = "<group>"; };
		E25A2AE8225ABD85006D847E /* Base */ = {isa = PBXFileReference; lastKnownFileType = file.storyboard; name = Base; path = Base.lproj/LaunchScreen.storyboard; sourceTree = "<group>"; };
		E25A2AEA225ABD85006D847E /* Info.plist */ = {isa = PBXFileReference; lastKnownFileType = text.plist.xml; path = Info.plist; sourceTree = "<group>"; };
		E25A2AF7225AD83F006D847E /* TweetCell.swift */ = {isa = PBXFileReference; lastKnownFileType = sourcecode.swift; path = TweetCell.swift; sourceTree = "<group>"; };
		E25A2AF9225AD8CC006D847E /* Tweet.swift */ = {isa = PBXFileReference; lastKnownFileType = sourcecode.swift; path = Tweet.swift; sourceTree = "<group>"; };
		E25A2AFB225AD8D2006D847E /* User.swift */ = {isa = PBXFileReference; lastKnownFileType = sourcecode.swift; path = User.swift; sourceTree = "<group>"; };
		E25A2AFD225ADD70006D847E /* GoogleService-Info.plist */ = {isa = PBXFileReference; fileEncoding = 4; lastKnownFileType = text.plist.xml; path = "GoogleService-Info.plist"; sourceTree = "<group>"; };
		E25A2B14225B03A6006D847E /* TweeterTests.xctest */ = {isa = PBXFileReference; explicitFileType = wrapper.cfbundle; includeInIndex = 0; path = TweeterTests.xctest; sourceTree = BUILT_PRODUCTS_DIR; };
		E25A2B16225B03A6006D847E /* TweeterTests.swift */ = {isa = PBXFileReference; lastKnownFileType = sourcecode.swift; path = TweeterTests.swift; sourceTree = "<group>"; };
		E25A2B18225B03A6006D847E /* Info.plist */ = {isa = PBXFileReference; lastKnownFileType = text.plist.xml; path = Info.plist; sourceTree = "<group>"; };
		EC8A041EF00C22E9967384F1 /* Pods-Tweeter.release.xcconfig */ = {isa = PBXFileReference; includeInIndex = 1; lastKnownFileType = text.xcconfig; name = "Pods-Tweeter.release.xcconfig"; path = "Pods/Target Support Files/Pods-Tweeter/Pods-Tweeter.release.xcconfig"; sourceTree = "<group>"; };
/* End PBXFileReference section */

/* Begin PBXFrameworksBuildPhase section */
		E25A2AD8225ABD84006D847E /* Frameworks */ = {
			isa = PBXFrameworksBuildPhase;
			buildActionMask = 2147483647;
			files = (
				9BE2138D1FAB3816323FD516 /* Pods_Tweeter.framework in Frameworks */,
			);
			runOnlyForDeploymentPostprocessing = 0;
		};
		E25A2B11225B03A6006D847E /* Frameworks */ = {
			isa = PBXFrameworksBuildPhase;
			buildActionMask = 2147483647;
			files = (
				51EBC74B3DD623FB0201896E /* Pods_Tweeter_TweeterTests.framework in Frameworks */,
			);
			runOnlyForDeploymentPostprocessing = 0;
		};
/* End PBXFrameworksBuildPhase section */

/* Begin PBXGroup section */
		31188D55CCC8595F860F4C9B /* Frameworks */ = {
			isa = PBXGroup;
			children = (
				4E28E42E4E73F91D1C8E5923 /* Pods_Tweeter.framework */,
				AB4E973E25E4F079564B2712 /* Pods_Tweeter_TweeterTests.framework */,
			);
			name = Frameworks;
			sourceTree = "<group>";
		};
		9EBB7D42577C1CB7D13D24A3 /* Pods */ = {
			isa = PBXGroup;
			children = (
				AE12E4ABC3E8D6BFF03E5970 /* Pods-Tweeter.debug.xcconfig */,
				EC8A041EF00C22E9967384F1 /* Pods-Tweeter.release.xcconfig */,
				444428D863D3CFB53017E076 /* Pods-Tweeter-TweeterTests.debug.xcconfig */,
				A5CE010B89EFF7E4B7DAF0EC /* Pods-Tweeter-TweeterTests.release.xcconfig */,
			);
			name = Pods;
			sourceTree = "<group>";
		};
		E25A2AD2225ABD84006D847E = {
			isa = PBXGroup;
			children = (
				E25A2ADD225ABD84006D847E /* Tweeter */,
				E25A2B15225B03A6006D847E /* TweeterTests */,
				E25A2ADC225ABD84006D847E /* Products */,
				9EBB7D42577C1CB7D13D24A3 /* Pods */,
				31188D55CCC8595F860F4C9B /* Frameworks */,
			);
			sourceTree = "<group>";
		};
		E25A2ADC225ABD84006D847E /* Products */ = {
			isa = PBXGroup;
			children = (
				E25A2ADB225ABD84006D847E /* Tweeter.app */,
				E25A2B14225B03A6006D847E /* TweeterTests.xctest */,
			);
			name = Products;
			sourceTree = "<group>";
		};
		E25A2ADD225ABD84006D847E /* Tweeter */ = {
			isa = PBXGroup;
			children = (
				E25A2ADE225ABD84006D847E /* AppDelegate.swift */,
				E25A2AF4225ABEF3006D847E /* Controllers */,
				E25A2AF3225ABEEF006D847E /* Models */,
				E25A2AF2225ABEEC006D847E /* Views */,
				E25A2AF1225ABEE9006D847E /* Extensions */,
				E25A2AF0225ABEE7006D847E /* Helpers */,
				E25A2AF5225ABF0B006D847E /* Supporting Files */,
				E25A2AF6225ABF12006D847E /* Secrets */,
				E25A2AEA225ABD85006D847E /* Info.plist */,
			);
			path = Tweeter;
			sourceTree = "<group>";
		};
		E25A2AF0225ABEE7006D847E /* Helpers */ = {
			isa = PBXGroup;
			children = (
			);
			path = Helpers;
			sourceTree = "<group>";
		};
		E25A2AF1225ABEE9006D847E /* Extensions */ = {
			isa = PBXGroup;
			children = (
			);
			path = Extensions;
			sourceTree = "<group>";
		};
		E25A2AF2225ABEEC006D847E /* Views */ = {
			isa = PBXGroup;
			children = (
				E25A2AE7225ABD85006D847E /* LaunchScreen.storyboard */,
				E25A2AE2225ABD84006D847E /* Main.storyboard */,
				E25A2AF7225AD83F006D847E /* TweetCell.swift */,
			);
			path = Views;
			sourceTree = "<group>";
		};
		E25A2AF3225ABEEF006D847E /* Models */ = {
			isa = PBXGroup;
			children = (
				E25A2AFB225AD8D2006D847E /* User.swift */,
				E25A2AF9225AD8CC006D847E /* Tweet.swift */,
			);
			path = Models;
			sourceTree = "<group>";
		};
		E25A2AF4225ABEF3006D847E /* Controllers */ = {
			isa = PBXGroup;
			children = (
				E25A2AE0225ABD84006D847E /* TweetsViewController.swift */,
			);
			path = Controllers;
			sourceTree = "<group>";
		};
		E25A2AF5225ABF0B006D847E /* Supporting Files */ = {
			isa = PBXGroup;
			children = (
				E25A2AE5225ABD85006D847E /* Assets.xcassets */,
			);
			path = "Supporting Files";
			sourceTree = "<group>";
		};
		E25A2AF6225ABF12006D847E /* Secrets */ = {
			isa = PBXGroup;
			children = (
				E25A2AFD225ADD70006D847E /* GoogleService-Info.plist */,
			);
			path = Secrets;
			sourceTree = "<group>";
		};
		E25A2B15225B03A6006D847E /* TweeterTests */ = {
			isa = PBXGroup;
			children = (
				E25A2B16225B03A6006D847E /* TweeterTests.swift */,
				E25A2B18225B03A6006D847E /* Info.plist */,
			);
			path = TweeterTests;
			sourceTree = "<group>";
		};
/* End PBXGroup section */

/* Begin PBXNativeTarget section */
		E25A2ADA225ABD84006D847E /* Tweeter */ = {
			isa = PBXNativeTarget;
			buildConfigurationList = E25A2AED225ABD85006D847E /* Build configuration list for PBXNativeTarget "Tweeter" */;
			buildPhases = (
				37992E55B7CD8601EE71E76F /* [CP] Check Pods Manifest.lock */,
				E25A2AD7225ABD84006D847E /* Sources */,
				E25A2AD8225ABD84006D847E /* Frameworks */,
				E25A2AD9225ABD84006D847E /* Resources */,
				95B5606FFB90F7DF86F0B8FB /* [CP] Embed Pods Frameworks */,
				67CB138E9103FE1602803FCD /* [CP] Copy Pods Resources */,
			);
			buildRules = (
			);
			dependencies = (
			);
			name = Tweeter;
			productName = Tweeter;
			productReference = E25A2ADB225ABD84006D847E /* Tweeter.app */;
			productType = "com.apple.product-type.application";
		};
		E25A2B13225B03A6006D847E /* TweeterTests */ = {
			isa = PBXNativeTarget;
			buildConfigurationList = E25A2B1D225B03AB006D847E /* Build configuration list for PBXNativeTarget "TweeterTests" */;
			buildPhases = (
				95AC3D3F5319713530B7250E /* [CP] Check Pods Manifest.lock */,
				E25A2B10225B03A6006D847E /* Sources */,
				E25A2B11225B03A6006D847E /* Frameworks */,
				E25A2B12225B03A6006D847E /* Resources */,
				B2124E63F6F01CAD42B6A7EF /* [CP] Embed Pods Frameworks */,
				6C1B2CD6DDAD43E74A983088 /* [CP] Copy Pods Resources */,
			);
			buildRules = (
			);
			dependencies = (
				E25A2B1A225B03A6006D847E /* PBXTargetDependency */,
			);
			name = TweeterTests;
			productName = TweeterTests;
			productReference = E25A2B14225B03A6006D847E /* TweeterTests.xctest */;
			productType = "com.apple.product-type.bundle.unit-test";
		};
/* End PBXNativeTarget section */

/* Begin PBXProject section */
		E25A2AD3225ABD84006D847E /* Project object */ = {
			isa = PBXProject;
			attributes = {
				LastSwiftUpdateCheck = 1020;
				LastUpgradeCheck = 1020;
				ORGANIZATIONNAME = thuyentruong;
				TargetAttributes = {
					E25A2ADA225ABD84006D847E = {
						CreatedOnToolsVersion = 10.2;
					};
					E25A2B13225B03A6006D847E = {
						CreatedOnToolsVersion = 10.2;
						TestTargetID = E25A2ADA225ABD84006D847E;
					};
				};
			};
			buildConfigurationList = E25A2AD6225ABD84006D847E /* Build configuration list for PBXProject "Tweeter" */;
			compatibilityVersion = "Xcode 9.3";
			developmentRegion = en;
			hasScannedForEncodings = 0;
			knownRegions = (
				en,
				Base,
			);
			mainGroup = E25A2AD2225ABD84006D847E;
			productRefGroup = E25A2ADC225ABD84006D847E /* Products */;
			projectDirPath = "";
			projectRoot = "";
			targets = (
				E25A2ADA225ABD84006D847E /* Tweeter */,
				E25A2B13225B03A6006D847E /* TweeterTests */,
			);
		};
/* End PBXProject section */

/* Begin PBXResourcesBuildPhase section */
		E25A2AD9225ABD84006D847E /* Resources */ = {
			isa = PBXResourcesBuildPhase;
			buildActionMask = 2147483647;
			files = (
				E25A2AE9225ABD85006D847E /* LaunchScreen.storyboard in Resources */,
				E25A2AFE225ADD70006D847E /* GoogleService-Info.plist in Resources */,
				E25A2AE6225ABD85006D847E /* Assets.xcassets in Resources */,
				E25A2AE4225ABD84006D847E /* Main.storyboard in Resources */,
			);
			runOnlyForDeploymentPostprocessing = 0;
		};
		E25A2B12225B03A6006D847E /* Resources */ = {
			isa = PBXResourcesBuildPhase;
			buildActionMask = 2147483647;
			files = (
			);
			runOnlyForDeploymentPostprocessing = 0;
		};
/* End PBXResourcesBuildPhase section */

/* Begin PBXShellScriptBuildPhase section */
		37992E55B7CD8601EE71E76F /* [CP] Check Pods Manifest.lock */ = {
			isa = PBXShellScriptBuildPhase;
			buildActionMask = 2147483647;
			files = (
			);
			inputFileListPaths = (
			);
			inputPaths = (
				"${PODS_PODFILE_DIR_PATH}/Podfile.lock",
				"${PODS_ROOT}/Manifest.lock",
			);
			name = "[CP] Check Pods Manifest.lock";
			outputFileListPaths = (
			);
			outputPaths = (
				"$(DERIVED_FILE_DIR)/Pods-Tweeter-checkManifestLockResult.txt",
			);
			runOnlyForDeploymentPostprocessing = 0;
			shellPath = /bin/sh;
			shellScript = "diff \"${PODS_PODFILE_DIR_PATH}/Podfile.lock\" \"${PODS_ROOT}/Manifest.lock\" > /dev/null\nif [ $? != 0 ] ; then\n    # print error to STDERR\n    echo \"error: The sandbox is not in sync with the Podfile.lock. Run 'pod install' or update your CocoaPods installation.\" >&2\n    exit 1\nfi\n# This output is used by Xcode 'outputs' to avoid re-running this script phase.\necho \"SUCCESS\" > \"${SCRIPT_OUTPUT_FILE_0}\"\n";
			showEnvVarsInLog = 0;
		};
		67CB138E9103FE1602803FCD /* [CP] Copy Pods Resources */ = {
			isa = PBXShellScriptBuildPhase;
			buildActionMask = 2147483647;
			files = (
			);
			inputFileListPaths = (
			);
			inputPaths = (
				"${SRCROOT}/Pods/Target Support Files/Pods-Tweeter/Pods-Tweeter-resources.sh",
				"${PODS_CONFIGURATION_BUILD_DIR}/FirebaseFirestore/gRPCCertificates-Firestore.bundle",
			);
			name = "[CP] Copy Pods Resources";
			outputFileListPaths = (
			);
			outputPaths = (
				"${TARGET_BUILD_DIR}/${UNLOCALIZED_RESOURCES_FOLDER_PATH}/gRPCCertificates-Firestore.bundle",
			);
			runOnlyForDeploymentPostprocessing = 0;
			shellPath = /bin/sh;
			shellScript = "\"${SRCROOT}/Pods/Target Support Files/Pods-Tweeter/Pods-Tweeter-resources.sh\"\n";
			showEnvVarsInLog = 0;
		};
		6C1B2CD6DDAD43E74A983088 /* [CP] Copy Pods Resources */ = {
			isa = PBXShellScriptBuildPhase;
			buildActionMask = 2147483647;
			files = (
			);
			inputFileListPaths = (
			);
			inputPaths = (
				"${SRCROOT}/Pods/Target Support Files/Pods-Tweeter-TweeterTests/Pods-Tweeter-TweeterTests-resources.sh",
				"${PODS_CONFIGURATION_BUILD_DIR}/FirebaseFirestore/gRPCCertificates-Firestore.bundle",
			);
			name = "[CP] Copy Pods Resources";
			outputFileListPaths = (
			);
			outputPaths = (
				"${TARGET_BUILD_DIR}/${UNLOCALIZED_RESOURCES_FOLDER_PATH}/gRPCCertificates-Firestore.bundle",
			);
			runOnlyForDeploymentPostprocessing = 0;
			shellPath = /bin/sh;
			shellScript = "\"${SRCROOT}/Pods/Target Support Files/Pods-Tweeter-TweeterTests/Pods-Tweeter-TweeterTests-resources.sh\"\n";
			showEnvVarsInLog = 0;
		};
		95AC3D3F5319713530B7250E /* [CP] Check Pods Manifest.lock */ = {
			isa = PBXShellScriptBuildPhase;
			buildActionMask = 2147483647;
			files = (
			);
			inputFileListPaths = (
			);
			inputPaths = (
				"${PODS_PODFILE_DIR_PATH}/Podfile.lock",
				"${PODS_ROOT}/Manifest.lock",
			);
			name = "[CP] Check Pods Manifest.lock";
			outputFileListPaths = (
			);
			outputPaths = (
				"$(DERIVED_FILE_DIR)/Pods-Tweeter-TweeterTests-checkManifestLockResult.txt",
			);
			runOnlyForDeploymentPostprocessing = 0;
			shellPath = /bin/sh;
			shellScript = "diff \"${PODS_PODFILE_DIR_PATH}/Podfile.lock\" \"${PODS_ROOT}/Manifest.lock\" > /dev/null\nif [ $? != 0 ] ; then\n    # print error to STDERR\n    echo \"error: The sandbox is not in sync with the Podfile.lock. Run 'pod install' or update your CocoaPods installation.\" >&2\n    exit 1\nfi\n# This output is used by Xcode 'outputs' to avoid re-running this script phase.\necho \"SUCCESS\" > \"${SCRIPT_OUTPUT_FILE_0}\"\n";
			showEnvVarsInLog = 0;
		};
		95B5606FFB90F7DF86F0B8FB /* [CP] Embed Pods Frameworks */ = {
			isa = PBXShellScriptBuildPhase;
			buildActionMask = 2147483647;
			files = (
			);
			inputFileListPaths = (
			);
			inputPaths = (
				"${SRCROOT}/Pods/Target Support Files/Pods-Tweeter/Pods-Tweeter-frameworks.sh",
				"${BUILT_PRODUCTS_DIR}/BoringSSL/openssl.framework",
				"${BUILT_PRODUCTS_DIR}/GoogleUtilities/GoogleUtilities.framework",
				"${BUILT_PRODUCTS_DIR}/Protobuf/Protobuf.framework",
				"${BUILT_PRODUCTS_DIR}/gRPC-C++/grpcpp.framework",
				"${BUILT_PRODUCTS_DIR}/gRPC-Core/grpc.framework",
				"${BUILT_PRODUCTS_DIR}/leveldb-library/leveldb.framework",
				"${BUILT_PRODUCTS_DIR}/nanopb/nanopb.framework",
			);
			name = "[CP] Embed Pods Frameworks";
			outputFileListPaths = (
			);
			outputPaths = (
				"${TARGET_BUILD_DIR}/${FRAMEWORKS_FOLDER_PATH}/openssl.framework",
				"${TARGET_BUILD_DIR}/${FRAMEWORKS_FOLDER_PATH}/GoogleUtilities.framework",
				"${TARGET_BUILD_DIR}/${FRAMEWORKS_FOLDER_PATH}/Protobuf.framework",
				"${TARGET_BUILD_DIR}/${FRAMEWORKS_FOLDER_PATH}/grpcpp.framework",
				"${TARGET_BUILD_DIR}/${FRAMEWORKS_FOLDER_PATH}/grpc.framework",
				"${TARGET_BUILD_DIR}/${FRAMEWORKS_FOLDER_PATH}/leveldb.framework",
				"${TARGET_BUILD_DIR}/${FRAMEWORKS_FOLDER_PATH}/nanopb.framework",
			);
			runOnlyForDeploymentPostprocessing = 0;
			shellPath = /bin/sh;
			shellScript = "\"${SRCROOT}/Pods/Target Support Files/Pods-Tweeter/Pods-Tweeter-frameworks.sh\"\n";
			showEnvVarsInLog = 0;
		};
		B2124E63F6F01CAD42B6A7EF /* [CP] Embed Pods Frameworks */ = {
			isa = PBXShellScriptBuildPhase;
			buildActionMask = 2147483647;
			files = (
			);
			inputFileListPaths = (
			);
			inputPaths = (
				"${SRCROOT}/Pods/Target Support Files/Pods-Tweeter-TweeterTests/Pods-Tweeter-TweeterTests-frameworks.sh",
				"${BUILT_PRODUCTS_DIR}/BoringSSL/openssl.framework",
				"${BUILT_PRODUCTS_DIR}/GoogleUtilities/GoogleUtilities.framework",
				"${BUILT_PRODUCTS_DIR}/Protobuf/Protobuf.framework",
				"${BUILT_PRODUCTS_DIR}/gRPC-C++/grpcpp.framework",
				"${BUILT_PRODUCTS_DIR}/gRPC-Core/grpc.framework",
				"${BUILT_PRODUCTS_DIR}/leveldb-library/leveldb.framework",
				"${BUILT_PRODUCTS_DIR}/nanopb/nanopb.framework",
				"${BUILT_PRODUCTS_DIR}/Nimble/Nimble.framework",
				"${BUILT_PRODUCTS_DIR}/Quick/Quick.framework",
			);
			name = "[CP] Embed Pods Frameworks";
			outputFileListPaths = (
			);
			outputPaths = (
				"${TARGET_BUILD_DIR}/${FRAMEWORKS_FOLDER_PATH}/openssl.framework",
				"${TARGET_BUILD_DIR}/${FRAMEWORKS_FOLDER_PATH}/GoogleUtilities.framework",
				"${TARGET_BUILD_DIR}/${FRAMEWORKS_FOLDER_PATH}/Protobuf.framework",
				"${TARGET_BUILD_DIR}/${FRAMEWORKS_FOLDER_PATH}/grpcpp.framework",
				"${TARGET_BUILD_DIR}/${FRAMEWORKS_FOLDER_PATH}/grpc.framework",
				"${TARGET_BUILD_DIR}/${FRAMEWORKS_FOLDER_PATH}/leveldb.framework",
				"${TARGET_BUILD_DIR}/${FRAMEWORKS_FOLDER_PATH}/nanopb.framework",
				"${TARGET_BUILD_DIR}/${FRAMEWORKS_FOLDER_PATH}/Nimble.framework",
				"${TARGET_BUILD_DIR}/${FRAMEWORKS_FOLDER_PATH}/Quick.framework",
			);
			runOnlyForDeploymentPostprocessing = 0;
			shellPath = /bin/sh;
			shellScript = "\"${SRCROOT}/Pods/Target Support Files/Pods-Tweeter-TweeterTests/Pods-Tweeter-TweeterTests-frameworks.sh\"\n";
			showEnvVarsInLog = 0;
		};
/* End PBXShellScriptBuildPhase section */

/* Begin PBXSourcesBuildPhase section */
		E25A2AD7225ABD84006D847E /* Sources */ = {
			isa = PBXSourcesBuildPhase;
			buildActionMask = 2147483647;
			files = (
				E25A2AF8225AD83F006D847E /* TweetCell.swift in Sources */,
				E25A2AE1225ABD84006D847E /* TweetsViewController.swift in Sources */,
				E25A2ADF225ABD84006D847E /* AppDelegate.swift in Sources */,
				E25A2AFC225AD8D2006D847E /* User.swift in Sources */,
				E25A2AFA225AD8CC006D847E /* Tweet.swift in Sources */,
		E25A2B10225B03A6006D847E /* Sources */ = {
			isa = PBXSourcesBuildPhase;
			buildActionMask = 2147483647;
			files = (
				E25A2B17225B03A6006D847E /* TweeterTests.swift in Sources */,
			);
			runOnlyForDeploymentPostprocessing = 0;
		};
/* End PBXSourcesBuildPhase section */

/* Begin PBXTargetDependency section */
		E25A2B1A225B03A6006D847E /* PBXTargetDependency */ = {
			isa = PBXTargetDependency;
			target = E25A2ADA225ABD84006D847E /* Tweeter */;
			targetProxy = E25A2B19225B03A6006D847E /* PBXContainerItemProxy */;
		};
/* End PBXTargetDependency section */

/* Begin PBXVariantGroup section */
		E25A2AE2225ABD84006D847E /* Main.storyboard */ = {
			isa = PBXVariantGroup;
			children = (
				E25A2AE3225ABD84006D847E /* Base */,
			);
			name = Main.storyboard;
			sourceTree = "<group>";
		};
		E25A2AE7225ABD85006D847E /* LaunchScreen.storyboard */ = {
			isa = PBXVariantGroup;
			children = (
				E25A2AE8225ABD85006D847E /* Base */,
			);
			name = LaunchScreen.storyboard;
			sourceTree = "<group>";
		};
/* End PBXVariantGroup section */

/* Begin XCBuildConfiguration section */
		E25A2AEB225ABD85006D847E /* Debug */ = {
			isa = XCBuildConfiguration;
			buildSettings = {
				ALWAYS_SEARCH_USER_PATHS = NO;
				CLANG_ANALYZER_NONNULL = YES;
				CLANG_ANALYZER_NUMBER_OBJECT_CONVERSION = YES_AGGRESSIVE;
				CLANG_CXX_LANGUAGE_STANDARD = "gnu++14";
				CLANG_CXX_LIBRARY = "libc++";
				CLANG_ENABLE_MODULES = YES;
				CLANG_ENABLE_OBJC_ARC = YES;
				CLANG_ENABLE_OBJC_WEAK = YES;
				CLANG_WARN_BLOCK_CAPTURE_AUTORELEASING = YES;
				CLANG_WARN_BOOL_CONVERSION = YES;
				CLANG_WARN_COMMA = YES;
				CLANG_WARN_CONSTANT_CONVERSION = YES;
				CLANG_WARN_DEPRECATED_OBJC_IMPLEMENTATIONS = YES;
				CLANG_WARN_DIRECT_OBJC_ISA_USAGE = YES_ERROR;
				CLANG_WARN_DOCUMENTATION_COMMENTS = YES;
				CLANG_WARN_EMPTY_BODY = YES;
				CLANG_WARN_ENUM_CONVERSION = YES;
				CLANG_WARN_INFINITE_RECURSION = YES;
				CLANG_WARN_INT_CONVERSION = YES;
				CLANG_WARN_NON_LITERAL_NULL_CONVERSION = YES;
				CLANG_WARN_OBJC_IMPLICIT_RETAIN_SELF = YES;
				CLANG_WARN_OBJC_LITERAL_CONVERSION = YES;
				CLANG_WARN_OBJC_ROOT_CLASS = YES_ERROR;
				CLANG_WARN_RANGE_LOOP_ANALYSIS = YES;
				CLANG_WARN_STRICT_PROTOTYPES = YES;
				CLANG_WARN_SUSPICIOUS_MOVE = YES;
				CLANG_WARN_UNGUARDED_AVAILABILITY = YES_AGGRESSIVE;
				CLANG_WARN_UNREACHABLE_CODE = YES;
				CLANG_WARN__DUPLICATE_METHOD_MATCH = YES;
				CODE_SIGN_IDENTITY = "iPhone Developer";
				COPY_PHASE_STRIP = NO;
				DEBUG_INFORMATION_FORMAT = dwarf;
				ENABLE_STRICT_OBJC_MSGSEND = YES;
				ENABLE_TESTABILITY = YES;
				GCC_C_LANGUAGE_STANDARD = gnu11;
				GCC_DYNAMIC_NO_PIC = NO;
				GCC_NO_COMMON_BLOCKS = YES;
				GCC_OPTIMIZATION_LEVEL = 0;
				GCC_PREPROCESSOR_DEFINITIONS = (
					"DEBUG=1",
					"$(inherited)",
				);
				GCC_WARN_64_TO_32_BIT_CONVERSION = YES;
				GCC_WARN_ABOUT_RETURN_TYPE = YES_ERROR;
				GCC_WARN_UNDECLARED_SELECTOR = YES;
				GCC_WARN_UNINITIALIZED_AUTOS = YES_AGGRESSIVE;
				GCC_WARN_UNUSED_FUNCTION = YES;
				GCC_WARN_UNUSED_VARIABLE = YES;
				IPHONEOS_DEPLOYMENT_TARGET = 12.2;
				MTL_ENABLE_DEBUG_INFO = INCLUDE_SOURCE;
				MTL_FAST_MATH = YES;
				ONLY_ACTIVE_ARCH = YES;
				SDKROOT = iphoneos;
				SWIFT_ACTIVE_COMPILATION_CONDITIONS = DEBUG;
				SWIFT_OPTIMIZATION_LEVEL = "-Onone";
			};
			name = Debug;
		};
		E25A2AEC225ABD85006D847E /* Release */ = {
			isa = XCBuildConfiguration;
			buildSettings = {
				ALWAYS_SEARCH_USER_PATHS = NO;
				CLANG_ANALYZER_NONNULL = YES;
				CLANG_ANALYZER_NUMBER_OBJECT_CONVERSION = YES_AGGRESSIVE;
				CLANG_CXX_LANGUAGE_STANDARD = "gnu++14";
				CLANG_CXX_LIBRARY = "libc++";
				CLANG_ENABLE_MODULES = YES;
				CLANG_ENABLE_OBJC_ARC = YES;
				CLANG_ENABLE_OBJC_WEAK = YES;
				CLANG_WARN_BLOCK_CAPTURE_AUTORELEASING = YES;
				CLANG_WARN_BOOL_CONVERSION = YES;
				CLANG_WARN_COMMA = YES;
				CLANG_WARN_CONSTANT_CONVERSION = YES;
				CLANG_WARN_DEPRECATED_OBJC_IMPLEMENTATIONS = YES;
				CLANG_WARN_DIRECT_OBJC_ISA_USAGE = YES_ERROR;
				CLANG_WARN_DOCUMENTATION_COMMENTS = YES;
				CLANG_WARN_EMPTY_BODY = YES;
				CLANG_WARN_ENUM_CONVERSION = YES;
				CLANG_WARN_INFINITE_RECURSION = YES;
				CLANG_WARN_INT_CONVERSION = YES;
				CLANG_WARN_NON_LITERAL_NULL_CONVERSION = YES;
				CLANG_WARN_OBJC_IMPLICIT_RETAIN_SELF = YES;
				CLANG_WARN_OBJC_LITERAL_CONVERSION = YES;
				CLANG_WARN_OBJC_ROOT_CLASS = YES_ERROR;
				CLANG_WARN_RANGE_LOOP_ANALYSIS = YES;
				CLANG_WARN_STRICT_PROTOTYPES = YES;
				CLANG_WARN_SUSPICIOUS_MOVE = YES;
				CLANG_WARN_UNGUARDED_AVAILABILITY = YES_AGGRESSIVE;
				CLANG_WARN_UNREACHABLE_CODE = YES;
				CLANG_WARN__DUPLICATE_METHOD_MATCH = YES;
				CODE_SIGN_IDENTITY = "iPhone Developer";
				COPY_PHASE_STRIP = NO;
				DEBUG_INFORMATION_FORMAT = "dwarf-with-dsym";
				ENABLE_NS_ASSERTIONS = NO;
				ENABLE_STRICT_OBJC_MSGSEND = YES;
				GCC_C_LANGUAGE_STANDARD = gnu11;
				GCC_NO_COMMON_BLOCKS = YES;
				GCC_WARN_64_TO_32_BIT_CONVERSION = YES;
				GCC_WARN_ABOUT_RETURN_TYPE = YES_ERROR;
				GCC_WARN_UNDECLARED_SELECTOR = YES;
				GCC_WARN_UNINITIALIZED_AUTOS = YES_AGGRESSIVE;
				GCC_WARN_UNUSED_FUNCTION = YES;
				GCC_WARN_UNUSED_VARIABLE = YES;
				IPHONEOS_DEPLOYMENT_TARGET = 12.2;
				MTL_ENABLE_DEBUG_INFO = NO;
				MTL_FAST_MATH = YES;
				SDKROOT = iphoneos;
				SWIFT_COMPILATION_MODE = wholemodule;
				SWIFT_OPTIMIZATION_LEVEL = "-O";
				VALIDATE_PRODUCT = YES;
			};
			name = Release;
		};
		E25A2AEE225ABD85006D847E /* Debug */ = {
			isa = XCBuildConfiguration;
			baseConfigurationReference = AE12E4ABC3E8D6BFF03E5970 /* Pods-Tweeter.debug.xcconfig */;
			buildSettings = {
				ASSETCATALOG_COMPILER_APPICON_NAME = AppIcon;
				CODE_SIGN_STYLE = Automatic;
				DEVELOPMENT_TEAM = K378H9Z4P2;
				INFOPLIST_FILE = Tweeter/Info.plist;
				LD_RUNPATH_SEARCH_PATHS = (
					"$(inherited)",
					"@executable_path/Frameworks",
				);
				PRODUCT_BUNDLE_IDENTIFIER = com.thuyentruong.Tweeter;
				PRODUCT_NAME = "$(TARGET_NAME)";
				SWIFT_VERSION = 5.0;
				TARGETED_DEVICE_FAMILY = "1,2";
			};
			name = Debug;
		};
		E25A2AEF225ABD85006D847E /* Release */ = {
			isa = XCBuildConfiguration;
			baseConfigurationReference = EC8A041EF00C22E9967384F1 /* Pods-Tweeter.release.xcconfig */;
			buildSettings = {
				ASSETCATALOG_COMPILER_APPICON_NAME = AppIcon;
				CODE_SIGN_STYLE = Automatic;
				DEVELOPMENT_TEAM = K378H9Z4P2;
				INFOPLIST_FILE = Tweeter/Info.plist;
				LD_RUNPATH_SEARCH_PATHS = (
					"$(inherited)",
					"@executable_path/Frameworks",
				);
				PRODUCT_BUNDLE_IDENTIFIER = com.thuyentruong.Tweeter;
				PRODUCT_NAME = "$(TARGET_NAME)";
				SWIFT_VERSION = 5.0;
				TARGETED_DEVICE_FAMILY = "1,2";
			};
			name = Release;
		};
		E25A2B1B225B03A7006D847E /* Debug */ = {
			isa = XCBuildConfiguration;
			baseConfigurationReference = 444428D863D3CFB53017E076 /* Pods-Tweeter-TweeterTests.debug.xcconfig */;
			buildSettings = {
				BUNDLE_LOADER = "$(TEST_HOST)";
				CODE_SIGN_STYLE = Automatic;
				DEVELOPMENT_TEAM = K378H9Z4P2;
				INFOPLIST_FILE = TweeterTests/Info.plist;
				LD_RUNPATH_SEARCH_PATHS = (
					"$(inherited)",
					"@executable_path/Frameworks",
					"@loader_path/Frameworks",
				);
				PRODUCT_BUNDLE_IDENTIFIER = com.thuyentruong.TweeterTests;
				PRODUCT_NAME = "$(TARGET_NAME)";
				SWIFT_VERSION = 5.0;
				TARGETED_DEVICE_FAMILY = "1,2";
				TEST_HOST = "$(BUILT_PRODUCTS_DIR)/Tweeter.app/Tweeter";
			};
			name = Debug;
		};
		E25A2B1C225B03A7006D847E /* Release */ = {
			isa = XCBuildConfiguration;
			baseConfigurationReference = A5CE010B89EFF7E4B7DAF0EC /* Pods-Tweeter-TweeterTests.release.xcconfig */;
			buildSettings = {
				BUNDLE_LOADER = "$(TEST_HOST)";
				CODE_SIGN_STYLE = Automatic;
				DEVELOPMENT_TEAM = K378H9Z4P2;
				INFOPLIST_FILE = TweeterTests/Info.plist;
				LD_RUNPATH_SEARCH_PATHS = (
					"$(inherited)",
					"@executable_path/Frameworks",
					"@loader_path/Frameworks",
				);
				PRODUCT_BUNDLE_IDENTIFIER = com.thuyentruong.TweeterTests;
				PRODUCT_NAME = "$(TARGET_NAME)";
				SWIFT_VERSION = 5.0;
				TARGETED_DEVICE_FAMILY = "1,2";
				TEST_HOST = "$(BUILT_PRODUCTS_DIR)/Tweeter.app/Tweeter";
			};
			name = Release;
		};
/* End XCBuildConfiguration section */

/* Begin XCConfigurationList section */
		E25A2AD6225ABD84006D847E /* Build configuration list for PBXProject "Tweeter" */ = {
			isa = XCConfigurationList;
			buildConfigurations = (
				E25A2AEB225ABD85006D847E /* Debug */,
				E25A2AEC225ABD85006D847E /* Release */,
			);
			defaultConfigurationIsVisible = 0;
			defaultConfigurationName = Release;
		};
		E25A2AED225ABD85006D847E /* Build configuration list for PBXNativeTarget "Tweeter" */ = {
			isa = XCConfigurationList;
			buildConfigurations = (
				E25A2AEE225ABD85006D847E /* Debug */,
				E25A2AEF225ABD85006D847E /* Release */,
			);
			defaultConfigurationIsVisible = 0;
			defaultConfigurationName = Release;
		};
		E25A2B1D225B03AB006D847E /* Build configuration list for PBXNativeTarget "TweeterTests" */ = {
			isa = XCConfigurationList;
			buildConfigurations = (
				E25A2B1B225B03A7006D847E /* Debug */,
				E25A2B1C225B03A7006D847E /* Release */,
			);
			defaultConfigurationIsVisible = 0;
			defaultConfigurationName = Release;
		};
/* End XCConfigurationList section */
	};
	rootObject = E25A2AD3225ABD84006D847E /* Project object */;
}
